
Microsoft Visual Studio Solution File, Format Version 12.00
# Visual Studio Version 17
VisualStudioVersion = 17.8.34525.116
MinimumVisualStudioVersion = 10.0.40219.1
Project("{FAE04EC0-301F-11D3-BF4B-00C04F79EFBC}") = "Menu_1", "Menu_1\Menu_1.csproj", "{A25CE633-A7DE-4C61-81E7-00B7FB9FD169}"
EndProject
Global
	GlobalSection(SolutionConfigurationPlatforms) = preSolution
		Debug|Any CPU = Debug|Any CPU
		Release|Any CPU = Release|Any CPU
	EndGlobalSection
	GlobalSection(ProjectConfigurationPlatforms) = postSolution
		{A25CE633-A7DE-4C61-81E7-00B7FB9FD169}.Debug|Any CPU.ActiveCfg = Debug|Any CPU
		{A25CE633-A7DE-4C61-81E7-00B7FB9FD169}.Debug|Any CPU.Build.0 = Debug|Any CPU
		{A25CE633-A7DE-4C61-81E7-00B7FB9FD169}.Release|Any CPU.ActiveCfg = Release|Any CPU
		{A25CE633-A7DE-4C61-81E7-00B7FB9FD169}.Release|Any CPU.Build.0 = Release|Any CPU
	EndGlobalSection
	GlobalSection(SolutionProperties) = preSolution
		HideSolutionNode = FALSE
	EndGlobalSection
	GlobalSection(ExtensibilityGlobals) = postSolution
		SolutionGuid = {8EEE9797-196D-4C8D-9967-9D74499C4FAD}
	EndGlobalSection
EndGlobal
